<?xml version="1.0" encoding="utf-8"?>
<Project ToolsVersion="4.0" xmlns="http://schemas.microsoft.com/developer/msbuild/2003">
  <ItemGroup>
    <Filter Include="源文件">
      <UniqueIdentifier>{4FC737F1-C7A5-4376-A066-2A32D752A2FF}</UniqueIdentifier>
      <Extensions>cpp;c;cc;cxx;def;odl;idl;hpj;bat;asm;asmx</Extensions>
    </Filter>
    <Filter Include="头文件">
      <UniqueIdentifier>{93995380-89BD-4b04-88EB-625FBE52EBFB}</UniqueIdentifier>
      <Extensions>h;hpp;hxx;hm;inl;inc;xsd</Extensions>
    </Filter>
    <Filter Include="资源文件">
      <UniqueIdentifier>{67DA6AB6-F800-4c08-8B7A-83BB121AAD01}</UniqueIdentifier>
      <Extensions>rc;ico;cur;bmp;dlg;rc2;rct;bin;rgs;gif;jpg;jpeg;jpe;resx;tiff;tif;png;wav;mfcribbon-ms</Extensions>
    </Filter>
  </ItemGroup>
  <ItemGroup>
    <None Include="ReadMe.txt" />
    <None Include="res\TeaProductionIMS.rc2">
      <Filter>资源文件</Filter>
    </None>
    <None Include="res\TeaProduction IMS.ico">
      <Filter>资源文件</Filter>
    </None>
    <None Include="res\bitmap1.bmp">
      <Filter>资源文件</Filter>
    </None>
    <None Include="res\bitmap2.bmp">
      <Filter>资源文件</Filter>
    </None>
    <None Include="C:\Users\Administrator\Desktop\login.bmp">
      <Filter>资源文件</Filter>
    </None>
    <None Include="C:\Users\Administrator\Desktop\login.png">
      <Filter>资源文件</Filter>
    </None>
    <None Include="..\login.bmp">
      <Filter>资源文件</Filter>
    </None>
    <None Include="..\toolbar1.bmp">
      <Filter>资源文件</Filter>
    </None>
    <None Include="ClassDiagram.cd" />
  </ItemGroup>
  <ItemGroup>
    <ClInclude Include="TeaProduction IMS.h">
      <Filter>头文件</Filter>
    </ClInclude>
    <ClInclude Include="LoginDlg.h">
      <Filter>头文件</Filter>
    </ClInclude>
    <ClInclude Include="stdafx.h">
      <Filter>头文件</Filter>
    </ClInclude>
    <ClInclude Include="targetver.h">
      <Filter>头文件</Filter>
    </ClInclude>
    <ClInclude Include="Resource.h">
      <Filter>头文件</Filter>
    </ClInclude>
    <ClInclude Include="MainDlg.h">
      <Filter>头文件</Filter>
    </ClInclude>
    <ClInclude Include="InitDlg.h">
      <Filter>头文件</Filter>
    </ClInclude>
    <ClInclude Include="MainChildDlg1.h">
      <Filter>头文件</Filter>
    </ClInclude>
    <ClInclude Include="tbUser.h">
      <Filter>头文件</Filter>
    </ClInclude>
    <ClInclude Include="tbProductionLine.h">
      <Filter>头文件</Filter>
    </ClInclude>
    <ClInclude Include="UserClass.h">
      <Filter>头文件</Filter>
    </ClInclude>
    <ClInclude Include="ProductionLineClass.h">
      <Filter>头文件</Filter>
    </ClInclude>
    <ClInclude Include="ProcessModuleClass.h">
      <Filter>头文件</Filter>
    </ClInclude>
    <ClInclude Include="PlcClass.h">
      <Filter>头文件</Filter>
    </ClInclude>
    <ClInclude Include="DeviceClass.h">
      <Filter>头文件</Filter>
    </ClInclude>
    <ClInclude Include="VideoClass.h">
      <Filter>头文件</Filter>
    </ClInclude>
    <ClInclude Include="InitPlcParaDlg.h">
      <Filter>头文件</Filter>
    </ClInclude>
    <ClInclude Include="PlcPara.h">
      <Filter>头文件</Filter>
    </ClInclude>
    <ClInclude Include="tbProcessModule.h">
      <Filter>头文件</Filter>
    </ClInclude>
    <ClInclude Include="tbDevice.h">
      <Filter>头文件</Filter>
    </ClInclude>
    <ClInclude Include="tbPLc.h">
      <Filter>头文件</Filter>
    </ClInclude>
    <ClInclude Include="tbVideo.h">
      <Filter>头文件</Filter>
    </ClInclude>
    <ClInclude Include="DataProvider.h">
      <Filter>头文件</Filter>
    </ClInclude>
    <ClInclude Include="tbPLCSymbol.h">
      <Filter>头文件</Filter>
    </ClInclude>
  </ItemGroup>
  <ItemGroup>
    <ClCompile Include="TeaProduction IMS.cpp">
      <Filter>源文件</Filter>
    </ClCompile>
    <ClCompile Include="LoginDlg.cpp">
      <Filter>源文件</Filter>
    </ClCompile>
    <ClCompile Include="stdafx.cpp">
      <Filter>源文件</Filter>
    </ClCompile>
    <ClCompile Include="MainDlg.cpp">
      <Filter>源文件</Filter>
    </ClCompile>
    <ClCompile Include="InitDlg.cpp">
      <Filter>源文件</Filter>
    </ClCompile>
    <ClCompile Include="MainChildDlg1.cpp">
      <Filter>源文件</Filter>
    </ClCompile>
    <ClCompile Include="tbUser.cpp">
      <Filter>源文件</Filter>
    </ClCompile>
    <ClCompile Include="tbProductionLine.cpp">
      <Filter>源文件</Filter>
    </ClCompile>
    <ClCompile Include="UserClass.cpp">
      <Filter>源文件</Filter>
    </ClCompile>
    <ClCompile Include="ProductionLineClass.cpp">
      <Filter>源文件</Filter>
    </ClCompile>
    <ClCompile Include="ProcessModuleClass.cpp">
      <Filter>源文件</Filter>
    </ClCompile>
    <ClCompile Include="PlcClass.cpp">
      <Filter>源文件</Filter>
    </ClCompile>
    <ClCompile Include="DeviceClass.cpp">
      <Filter>源文件</Filter>
    </ClCompile>
    <ClCompile Include="VideoClass.cpp">
      <Filter>源文件</Filter>
    </ClCompile>
    <ClCompile Include="InitPlcParaDlg.cpp">
      <Filter>源文件</Filter>
    </ClCompile>
    <ClCompile Include="PlcPara.cpp">
      <Filter>源文件</Filter>
    </ClCompile>
    <ClCompile Include="tbProcessModule.cpp">
      <Filter>源文件</Filter>
    </ClCompile>
    <ClCompile Include="tbDevice.cpp">
      <Filter>源文件</Filter>
    </ClCompile>
    <ClCompile Include="tbPLc.cpp">
      <Filter>源文件</Filter>
    </ClCompile>
    <ClCompile Include="tbVideo.cpp">
      <Filter>源文件</Filter>
    </ClCompile>
    <ClCompile Include="DataProvider.cpp">
      <Filter>源文件</Filter>
    </ClCompile>
    <ClCompile Include="tbPLCSymbol.cpp">
      <Filter>源文件</Filter>
    </ClCompile>
  </ItemGroup>
  <ItemGroup>
    <ResourceCompile Include="TeaProduction IMS.rc">
      <Filter>资源文件</Filter>
    </ResourceCompile>
  </ItemGroup>
  <ItemGroup>
    <Image Include="res\login.bmp">
      <Filter>资源文件</Filter>
    </Image>
    <Image Include="res\toolbar1.bmp">
      <Filter>资源文件</Filter>
    </Image>
  </ItemGroup>
</Project>